// !$*UTF8*$!
{
	archiveVersion = 1;
	classes = {
	};
	objectVersion = 48;
	objects = {

/* Begin PBXBuildFile section */
		2951DB387623E6DCB57F303B /* Pods_EventUp_.framework in Frameworks */ = {isa = PBXBuildFile; fileRef = A00BEE0174A91D69362D7DEA /* Pods_EventUp_.framework */; };
		7C3C6D591F861C2000511686 /* RSVPViewController.swift in Sources */ = {isa = PBXBuildFile; fileRef = 7C3C6D581F861C2000511686 /* RSVPViewController.swift */; };
		839240231F85BA07003C0DAF /* RatingViewController.swift in Sources */ = {isa = PBXBuildFile; fileRef = 839240221F85BA07003C0DAF /* RatingViewController.swift */; };
		B5710CDC1F85D607000D1E70 /* Profile.storyboard in Resources */ = {isa = PBXBuildFile; fileRef = B5710CDB1F85D607000D1E70 /* Profile.storyboard */; };
		C72B02B71F8692F1005E7B97 /* EventAnnotation.swift in Sources */ = {isa = PBXBuildFile; fileRef = C72B02B61F8692F1005E7B97 /* EventAnnotation.swift */; };
		C72B02B91F869BD4005E7B97 /* Assets.xcassets in Resources */ = {isa = PBXBuildFile; fileRef = C72B02B81F869B8E005E7B97 /* Assets.xcassets */; };
		C764020C1F7959DF00AA3F06 /* Map.storyboard in Resources */ = {isa = PBXBuildFile; fileRef = C764020B1F7959DF00AA3F06 /* Map.storyboard */; };
		C764020E1F795AA500AA3F06 /* MapViewController.swift in Sources */ = {isa = PBXBuildFile; fileRef = C764020D1F795AA500AA3F06 /* MapViewController.swift */; };
		C76402111F7975E700AA3F06 /* Events.storyboard in Resources */ = {isa = PBXBuildFile; fileRef = C76402101F7975E700AA3F06 /* Events.storyboard */; };
		C76402151F79776900AA3F06 /* EventsViewController.swift in Sources */ = {isa = PBXBuildFile; fileRef = C76402141F79776900AA3F06 /* EventsViewController.swift */; };
		C76402171F79782100AA3F06 /* EventCell.swift in Sources */ = {isa = PBXBuildFile; fileRef = C76402161F79782100AA3F06 /* EventCell.swift */; };
		C764021A1F797E6300AA3F06 /* MapKit.framework in Frameworks */ = {isa = PBXBuildFile; fileRef = C76402191F797E6300AA3F06 /* MapKit.framework */; };
		C764021D1F79891300AA3F06 /* EventMapViewController.swift in Sources */ = {isa = PBXBuildFile; fileRef = C764021C1F79891300AA3F06 /* EventMapViewController.swift */; };
		C764021F1F7C34B900AA3F06 /* EventDetailViewController.swift in Sources */ = {isa = PBXBuildFile; fileRef = C764021E1F7C34B900AA3F06 /* EventDetailViewController.swift */; };
		C76402231F7C45B400AA3F06 /* FilterViewController.swift in Sources */ = {isa = PBXBuildFile; fileRef = C76402221F7C45B400AA3F06 /* FilterViewController.swift */; };
		C76402281F7DB8C500AA3F06 /* Event.swift in Sources */ = {isa = PBXBuildFile; fileRef = C76402271F7DB8C500AA3F06 /* Event.swift */; };
		C764022A1F7DB97B00AA3F06 /* EventUpClient.swift in Sources */ = {isa = PBXBuildFile; fileRef = C76402291F7DB97B00AA3F06 /* EventUpClient.swift */; };
		C76402301F7DBF1400AA3F06 /* EventCreateViewController.swift in Sources */ = {isa = PBXBuildFile; fileRef = C764022F1F7DBF1400AA3F06 /* EventCreateViewController.swift */; };
		C76C148E1F981A6E006B3F5C /* Login.storyboard in Resources */ = {isa = PBXBuildFile; fileRef = C76C148D1F981A6E006B3F5C /* Login.storyboard */; };
		C76C14901F981A7C006B3F5C /* LoginViewController.swift in Sources */ = {isa = PBXBuildFile; fileRef = C76C148F1F981A7C006B3F5C /* LoginViewController.swift */; };
		C76C14921F981FE8006B3F5C /* RegisterViewController.swift in Sources */ = {isa = PBXBuildFile; fileRef = C76C14911F981FE8006B3F5C /* RegisterViewController.swift */; };
		C76C14941F9827D1006B3F5C /* ProfileViewController.swift in Sources */ = {isa = PBXBuildFile; fileRef = C76C14931F9827D1006B3F5C /* ProfileViewController.swift */; };
		C76C14961F98293A006B3F5C /* EventUser.swift in Sources */ = {isa = PBXBuildFile; fileRef = C76C14951F98293A006B3F5C /* EventUser.swift */; };
		C7C164641F852AF6007226FA /* GoogleService-Info.plist in Resources */ = {isa = PBXBuildFile; fileRef = C7C164631F852AE6007226FA /* GoogleService-Info.plist */; };
		C7C5D37E1F5F2EA0001BCE38 /* AppDelegate.swift in Sources */ = {isa = PBXBuildFile; fileRef = C7C5D37D1F5F2EA0001BCE38 /* AppDelegate.swift */; };
		C7C5D3801F5F2EA0001BCE38 /* ViewController.swift in Sources */ = {isa = PBXBuildFile; fileRef = C7C5D37F1F5F2EA0001BCE38 /* ViewController.swift */; };
		C7C5D3831F5F2EA0001BCE38 /* Main.storyboard in Resources */ = {isa = PBXBuildFile; fileRef = C7C5D3811F5F2EA0001BCE38 /* Main.storyboard */; };
		C7C5D3881F5F2EA0001BCE38 /* LaunchScreen.storyboard in Resources */ = {isa = PBXBuildFile; fileRef = C7C5D3861F5F2EA0001BCE38 /* LaunchScreen.storyboard */; };
/* End PBXBuildFile section */

/* Begin PBXFileReference section */
		0ECBAAF3044ED4B96DC08B27 /* Pods-EventUp!.debug.xcconfig */ = {isa = PBXFileReference; includeInIndex = 1; lastKnownFileType = text.xcconfig; name = "Pods-EventUp!.debug.xcconfig"; path = "Pods/Target Support Files/Pods-EventUp!/Pods-EventUp!.debug.xcconfig"; sourceTree = "<group>"; };
		7C3C6D581F861C2000511686 /* RSVPViewController.swift */ = {isa = PBXFileReference; lastKnownFileType = sourcecode.swift; path = RSVPViewController.swift; sourceTree = "<group>"; };
		839240221F85BA07003C0DAF /* RatingViewController.swift */ = {isa = PBXFileReference; lastKnownFileType = sourcecode.swift; path = RatingViewController.swift; sourceTree = "<group>"; };
		A00BEE0174A91D69362D7DEA /* Pods_EventUp_.framework */ = {isa = PBXFileReference; explicitFileType = wrapper.framework; includeInIndex = 0; path = Pods_EventUp_.framework; sourceTree = BUILT_PRODUCTS_DIR; };
		B5710CDB1F85D607000D1E70 /* Profile.storyboard */ = {isa = PBXFileReference; lastKnownFileType = file.storyboard; path = Profile.storyboard; sourceTree = "<group>"; };
		B8642049167ECB3A8DF5E8AB /* Pods-EventUp!.release.xcconfig */ = {isa = PBXFileReference; includeInIndex = 1; lastKnownFileType = text.xcconfig; name = "Pods-EventUp!.release.xcconfig"; path = "Pods/Target Support Files/Pods-EventUp!/Pods-EventUp!.release.xcconfig"; sourceTree = "<group>"; };
		C72B02B61F8692F1005E7B97 /* EventAnnotation.swift */ = {isa = PBXFileReference; lastKnownFileType = sourcecode.swift; path = EventAnnotation.swift; sourceTree = "<group>"; };
		C72B02B81F869B8E005E7B97 /* Assets.xcassets */ = {isa = PBXFileReference; lastKnownFileType = folder.assetcatalog; path = Assets.xcassets; sourceTree = "<group>"; };
		C764020B1F7959DF00AA3F06 /* Map.storyboard */ = {isa = PBXFileReference; lastKnownFileType = file.storyboard; path = Map.storyboard; sourceTree = "<group>"; };
		C764020D1F795AA500AA3F06 /* MapViewController.swift */ = {isa = PBXFileReference; lastKnownFileType = sourcecode.swift; path = MapViewController.swift; sourceTree = "<group>"; };
		C76402101F7975E700AA3F06 /* Events.storyboard */ = {isa = PBXFileReference; lastKnownFileType = file.storyboard; path = Events.storyboard; sourceTree = "<group>"; };
		C76402141F79776900AA3F06 /* EventsViewController.swift */ = {isa = PBXFileReference; lastKnownFileType = sourcecode.swift; path = EventsViewController.swift; sourceTree = "<group>"; };
		C76402161F79782100AA3F06 /* EventCell.swift */ = {isa = PBXFileReference; lastKnownFileType = sourcecode.swift; path = EventCell.swift; sourceTree = "<group>"; };
		C76402191F797E6300AA3F06 /* MapKit.framework */ = {isa = PBXFileReference; lastKnownFileType = wrapper.framework; name = MapKit.framework; path = System/Library/Frameworks/MapKit.framework; sourceTree = SDKROOT; };
		C764021C1F79891300AA3F06 /* EventMapViewController.swift */ = {isa = PBXFileReference; lastKnownFileType = sourcecode.swift; path = EventMapViewController.swift; sourceTree = "<group>"; };
		C764021E1F7C34B900AA3F06 /* EventDetailViewController.swift */ = {isa = PBXFileReference; lastKnownFileType = sourcecode.swift; path = EventDetailViewController.swift; sourceTree = "<group>"; };
		C76402221F7C45B400AA3F06 /* FilterViewController.swift */ = {isa = PBXFileReference; lastKnownFileType = sourcecode.swift; path = FilterViewController.swift; sourceTree = "<group>"; };
		C76402271F7DB8C500AA3F06 /* Event.swift */ = {isa = PBXFileReference; lastKnownFileType = sourcecode.swift; path = Event.swift; sourceTree = "<group>"; };
		C76402291F7DB97B00AA3F06 /* EventUpClient.swift */ = {isa = PBXFileReference; lastKnownFileType = sourcecode.swift; path = EventUpClient.swift; sourceTree = "<group>"; };
		C764022F1F7DBF1400AA3F06 /* EventCreateViewController.swift */ = {isa = PBXFileReference; lastKnownFileType = sourcecode.swift; path = EventCreateViewController.swift; sourceTree = "<group>"; };
		C76C148D1F981A6E006B3F5C /* Login.storyboard */ = {isa = PBXFileReference; lastKnownFileType = file.storyboard; path = Login.storyboard; sourceTree = "<group>"; };
		C76C148F1F981A7C006B3F5C /* LoginViewController.swift */ = {isa = PBXFileReference; lastKnownFileType = sourcecode.swift; path = LoginViewController.swift; sourceTree = "<group>"; };
		C76C14911F981FE8006B3F5C /* RegisterViewController.swift */ = {isa = PBXFileReference; lastKnownFileType = sourcecode.swift; path = RegisterViewController.swift; sourceTree = "<group>"; };
		C76C14931F9827D1006B3F5C /* ProfileViewController.swift */ = {isa = PBXFileReference; lastKnownFileType = sourcecode.swift; path = ProfileViewController.swift; sourceTree = "<group>"; };
		C76C14951F98293A006B3F5C /* EventUser.swift */ = {isa = PBXFileReference; lastKnownFileType = sourcecode.swift; path = EventUser.swift; sourceTree = "<group>"; };
		C7C164631F852AE6007226FA /* GoogleService-Info.plist */ = {isa = PBXFileReference; lastKnownFileType = text.plist.xml; path = "GoogleService-Info.plist"; sourceTree = "<group>"; };
		C7C5D37A1F5F2EA0001BCE38 /* EventUp!.app */ = {isa = PBXFileReference; explicitFileType = wrapper.application; includeInIndex = 0; path = "EventUp!.app"; sourceTree = BUILT_PRODUCTS_DIR; };
		C7C5D37D1F5F2EA0001BCE38 /* AppDelegate.swift */ = {isa = PBXFileReference; lastKnownFileType = sourcecode.swift; path = AppDelegate.swift; sourceTree = "<group>"; };
		C7C5D37F1F5F2EA0001BCE38 /* ViewController.swift */ = {isa = PBXFileReference; lastKnownFileType = sourcecode.swift; path = ViewController.swift; sourceTree = "<group>"; };
		C7C5D3821F5F2EA0001BCE38 /* Base */ = {isa = PBXFileReference; lastKnownFileType = file.storyboard; name = Base; path = Base.lproj/Main.storyboard; sourceTree = "<group>"; };
		C7C5D3871F5F2EA0001BCE38 /* Base */ = {isa = PBXFileReference; lastKnownFileType = file.storyboard; name = Base; path = Base.lproj/LaunchScreen.storyboard; sourceTree = "<group>"; };
		C7C5D3891F5F2EA0001BCE38 /* Info.plist */ = {isa = PBXFileReference; lastKnownFileType = text.plist.xml; path = Info.plist; sourceTree = "<group>"; };
/* End PBXFileReference section */

/* Begin PBXFrameworksBuildPhase section */
		C7C5D3771F5F2E9F001BCE38 /* Frameworks */ = {
			isa = PBXFrameworksBuildPhase;
			buildActionMask = 2147483647;
			files = (
				C764021A1F797E6300AA3F06 /* MapKit.framework in Frameworks */,
				2951DB387623E6DCB57F303B /* Pods_EventUp_.framework in Frameworks */,
			);
			runOnlyForDeploymentPostprocessing = 0;
		};
/* End PBXFrameworksBuildPhase section */

/* Begin PBXGroup section */
		4E9E571413FA467D8A193A2F /* Pods */ = {
			isa = PBXGroup;
			children = (
				0ECBAAF3044ED4B96DC08B27 /* Pods-EventUp!.debug.xcconfig */,
				B8642049167ECB3A8DF5E8AB /* Pods-EventUp!.release.xcconfig */,
			);
			name = Pods;
			sourceTree = "<group>";
		};
		B5710CD81F85D5AB000D1E70 /* Profile */ = {
			isa = PBXGroup;
			children = (
				B5710CDB1F85D607000D1E70 /* Profile.storyboard */,
				C76C14931F9827D1006B3F5C /* ProfileViewController.swift */,
			);
			path = Profile;
			sourceTree = "<group>";
		};
		C764020A1F7959CE00AA3F06 /* Map */ = {
			isa = PBXGroup;
			children = (
				C764020B1F7959DF00AA3F06 /* Map.storyboard */,
				C764020D1F795AA500AA3F06 /* MapViewController.swift */,
			);
			path = Map;
			sourceTree = "<group>";
		};
		C764020F1F7975D800AA3F06 /* Events */ = {
			isa = PBXGroup;
			children = (
				C76402101F7975E700AA3F06 /* Events.storyboard */,
				C76402141F79776900AA3F06 /* EventsViewController.swift */,
				C76402161F79782100AA3F06 /* EventCell.swift */,
				C764021C1F79891300AA3F06 /* EventMapViewController.swift */,
				C764021E1F7C34B900AA3F06 /* EventDetailViewController.swift */,
				C76402221F7C45B400AA3F06 /* FilterViewController.swift */,
				C764022F1F7DBF1400AA3F06 /* EventCreateViewController.swift */,
				839240221F85BA07003C0DAF /* RatingViewController.swift */,
				7C3C6D581F861C2000511686 /* RSVPViewController.swift */,
			);
			path = Events;
			sourceTree = "<group>";
		};
		C76402181F797E6300AA3F06 /* Frameworks */ = {
			isa = PBXGroup;
			children = (
				C76402191F797E6300AA3F06 /* MapKit.framework */,
				A00BEE0174A91D69362D7DEA /* Pods_EventUp_.framework */,
			);
			name = Frameworks;
			sourceTree = "<group>";
		};
		C76402261F7DB8A400AA3F06 /* Models */ = {
			isa = PBXGroup;
			children = (
				C76402271F7DB8C500AA3F06 /* Event.swift */,
				C72B02B61F8692F1005E7B97 /* EventAnnotation.swift */,
				C76C14951F98293A006B3F5C /* EventUser.swift */,
			);
			path = Models;
			sourceTree = "<group>";
		};
		C76402311F7F141B00AA3F06 /* Main */ = {
			isa = PBXGroup;
			children = (
				C7C5D3811F5F2EA0001BCE38 /* Main.storyboard */,
			);
			path = Main;
			sourceTree = "<group>";
		};
		C76C148C1F981A4B006B3F5C /* Login */ = {
			isa = PBXGroup;
			children = (
				C76C148D1F981A6E006B3F5C /* Login.storyboard */,
				C76C148F1F981A7C006B3F5C /* LoginViewController.swift */,
				C76C14911F981FE8006B3F5C /* RegisterViewController.swift */,
			);
			path = Login;
			sourceTree = "<group>";
		};
		C7C5D3711F5F2E9F001BCE38 = {
			isa = PBXGroup;
			children = (
				C7C5D37C1F5F2EA0001BCE38 /* EventUp! */,
				C7C5D37B1F5F2EA0001BCE38 /* Products */,
				C76402181F797E6300AA3F06 /* Frameworks */,
				4E9E571413FA467D8A193A2F /* Pods */,
			);
			sourceTree = "<group>";
		};
		C7C5D37B1F5F2EA0001BCE38 /* Products */ = {
			isa = PBXGroup;
			children = (
				C7C5D37A1F5F2EA0001BCE38 /* EventUp!.app */,
			);
			name = Products;
			sourceTree = "<group>";
		};
		C7C5D37C1F5F2EA0001BCE38 /* EventUp! */ = {
			isa = PBXGroup;
			children = (
				C72B02B81F869B8E005E7B97 /* Assets.xcassets */,
				B5710CD81F85D5AB000D1E70 /* Profile */,
				C76402311F7F141B00AA3F06 /* Main */,
				C76402261F7DB8A400AA3F06 /* Models */,
				C764020F1F7975D800AA3F06 /* Events */,
				C76C148C1F981A4B006B3F5C /* Login */,
				C764020A1F7959CE00AA3F06 /* Map */,
				C7C5D37D1F5F2EA0001BCE38 /* AppDelegate.swift */,
				C7C5D37F1F5F2EA0001BCE38 /* ViewController.swift */,
				C7C5D3861F5F2EA0001BCE38 /* LaunchScreen.storyboard */,
				C7C5D3891F5F2EA0001BCE38 /* Info.plist */,
				C76402291F7DB97B00AA3F06 /* EventUpClient.swift */,
				C7C164631F852AE6007226FA /* GoogleService-Info.plist */,
			);
			path = "EventUp!";
			sourceTree = "<group>";
		};
/* End PBXGroup section */

/* Begin PBXNativeTarget section */
		C7C5D3791F5F2E9F001BCE38 /* EventUp! */ = {
			isa = PBXNativeTarget;
			buildConfigurationList = C7C5D38C1F5F2EA0001BCE38 /* Build configuration list for PBXNativeTarget "EventUp!" */;
			buildPhases = (
				0C0EAE1CC3A1A0B3853CC8BA /* [CP] Check Pods Manifest.lock */,
				C7C5D3761F5F2E9F001BCE38 /* Sources */,
				C7C5D3771F5F2E9F001BCE38 /* Frameworks */,
				C7C5D3781F5F2E9F001BCE38 /* Resources */,
				59A0C6EC71F9F7C2E3F36CDD /* [CP] Embed Pods Frameworks */,
				AEB0E66B5741BDC91C67F856 /* [CP] Copy Pods Resources */,
			);
			buildRules = (
			);
			dependencies = (
			);
			name = "EventUp!";
			productName = "EventUp!";
			productReference = C7C5D37A1F5F2EA0001BCE38 /* EventUp!.app */;
			productType = "com.apple.product-type.application";
		};
/* End PBXNativeTarget section */

/* Begin PBXProject section */
		C7C5D3721F5F2E9F001BCE38 /* Project object */ = {
			isa = PBXProject;
			attributes = {
				LastSwiftUpdateCheck = 0900;
				LastUpgradeCheck = 0900;
				ORGANIZATIONNAME = "Siraj Zaneer";
				TargetAttributes = {
					C7C5D3791F5F2E9F001BCE38 = {
						CreatedOnToolsVersion = 9.0;
						ProvisioningStyle = Automatic;
					};
				};
			};
			buildConfigurationList = C7C5D3751F5F2E9F001BCE38 /* Build configuration list for PBXProject "EventUp!" */;
			compatibilityVersion = "Xcode 8.0";
			developmentRegion = en;
			hasScannedForEncodings = 0;
			knownRegions = (
				en,
				Base,
			);
			mainGroup = C7C5D3711F5F2E9F001BCE38;
			productRefGroup = C7C5D37B1F5F2EA0001BCE38 /* Products */;
			projectDirPath = "";
			projectRoot = "";
			targets = (
				C7C5D3791F5F2E9F001BCE38 /* EventUp! */,
			);
		};
/* End PBXProject section */

/* Begin PBXResourcesBuildPhase section */
		C7C5D3781F5F2E9F001BCE38 /* Resources */ = {
			isa = PBXResourcesBuildPhase;
			buildActionMask = 2147483647;
			files = (
				C76C148E1F981A6E006B3F5C /* Login.storyboard in Resources */,
				C7C5D3881F5F2EA0001BCE38 /* LaunchScreen.storyboard in Resources */,
				C7C5D3831F5F2EA0001BCE38 /* Main.storyboard in Resources */,
				C764020C1F7959DF00AA3F06 /* Map.storyboard in Resources */,
				C76402111F7975E700AA3F06 /* Events.storyboard in Resources */,
				C72B02B91F869BD4005E7B97 /* Assets.xcassets in Resources */,
				B5710CDC1F85D607000D1E70 /* Profile.storyboard in Resources */,
				C7C164641F852AF6007226FA /* GoogleService-Info.plist in Resources */,
			);
			runOnlyForDeploymentPostprocessing = 0;
		};
/* End PBXResourcesBuildPhase section */

/* Begin PBXShellScriptBuildPhase section */
		0C0EAE1CC3A1A0B3853CC8BA /* [CP] Check Pods Manifest.lock */ = {
			isa = PBXShellScriptBuildPhase;
			buildActionMask = 2147483647;
			files = (
			);
			inputPaths = (
				"${PODS_PODFILE_DIR_PATH}/Podfile.lock",
				"${PODS_ROOT}/Manifest.lock",
			);
			name = "[CP] Check Pods Manifest.lock";
			outputPaths = (
				"$(DERIVED_FILE_DIR)/Pods-EventUp!-checkManifestLockResult.txt",
			);
			runOnlyForDeploymentPostprocessing = 0;
			shellPath = /bin/sh;
			shellScript = "diff \"${PODS_PODFILE_DIR_PATH}/Podfile.lock\" \"${PODS_ROOT}/Manifest.lock\" > /dev/null\nif [ $? != 0 ] ; then\n    # print error to STDERR\n    echo \"error: The sandbox is not in sync with the Podfile.lock. Run 'pod install' or update your CocoaPods installation.\" >&2\n    exit 1\nfi\n# This output is used by Xcode 'outputs' to avoid re-running this script phase.\necho \"SUCCESS\" > \"${SCRIPT_OUTPUT_FILE_0}\"\n";
			showEnvVarsInLog = 0;
		};
		59A0C6EC71F9F7C2E3F36CDD /* [CP] Embed Pods Frameworks */ = {
			isa = PBXShellScriptBuildPhase;
			buildActionMask = 2147483647;
			files = (
			);
			inputPaths = (
				"${SRCROOT}/Pods/Target Support Files/Pods-EventUp!/Pods-EventUp!-frameworks.sh",
				"${BUILT_PRODUCTS_DIR}/Bolts/Bolts.framework",
				"${BUILT_PRODUCTS_DIR}/BoringSSL/openssl.framework",
				"${BUILT_PRODUCTS_DIR}/FBSDKCoreKit/FBSDKCoreKit.framework",
				"${BUILT_PRODUCTS_DIR}/FBSDKLoginKit/FBSDKLoginKit.framework",
				"${BUILT_PRODUCTS_DIR}/GTMOAuth2/GTMOAuth2.framework",
				"${BUILT_PRODUCTS_DIR}/GTMSessionFetcher/GTMSessionFetcher.framework",
				"${BUILT_PRODUCTS_DIR}/GoogleToolboxForMac/GoogleToolboxForMac.framework",
				"${BUILT_PRODUCTS_DIR}/Protobuf/Protobuf.framework",
				"${BUILT_PRODUCTS_DIR}/SVProgressHUD/SVProgressHUD.framework",
				"${BUILT_PRODUCTS_DIR}/gRPC/GRPCClient.framework",
				"${BUILT_PRODUCTS_DIR}/gRPC-Core/grpc.framework",
				"${BUILT_PRODUCTS_DIR}/gRPC-ProtoRPC/ProtoRPC.framework",
				"${BUILT_PRODUCTS_DIR}/gRPC-RxLibrary/RxLibrary.framework",
				"${BUILT_PRODUCTS_DIR}/leveldb-library/leveldb.framework",
				"${BUILT_PRODUCTS_DIR}/nanopb/nanopb.framework",
			);
			name = "[CP] Embed Pods Frameworks";
			outputPaths = (
				"${TARGET_BUILD_DIR}/${FRAMEWORKS_FOLDER_PATH}/Bolts.framework",
				"${TARGET_BUILD_DIR}/${FRAMEWORKS_FOLDER_PATH}/openssl.framework",
				"${TARGET_BUILD_DIR}/${FRAMEWORKS_FOLDER_PATH}/FBSDKCoreKit.framework",
				"${TARGET_BUILD_DIR}/${FRAMEWORKS_FOLDER_PATH}/FBSDKLoginKit.framework",
				"${TARGET_BUILD_DIR}/${FRAMEWORKS_FOLDER_PATH}/GTMOAuth2.framework",
				"${TARGET_BUILD_DIR}/${FRAMEWORKS_FOLDER_PATH}/GTMSessionFetcher.framework",
				"${TARGET_BUILD_DIR}/${FRAMEWORKS_FOLDER_PATH}/GoogleToolboxForMac.framework",
				"${TARGET_BUILD_DIR}/${FRAMEWORKS_FOLDER_PATH}/Protobuf.framework",
				"${TARGET_BUILD_DIR}/${FRAMEWORKS_FOLDER_PATH}/SVProgressHUD.framework",
				"${TARGET_BUILD_DIR}/${FRAMEWORKS_FOLDER_PATH}/GRPCClient.framework",
				"${TARGET_BUILD_DIR}/${FRAMEWORKS_FOLDER_PATH}/grpc.framework",
				"${TARGET_BUILD_DIR}/${FRAMEWORKS_FOLDER_PATH}/ProtoRPC.framework",
				"${TARGET_BUILD_DIR}/${FRAMEWORKS_FOLDER_PATH}/RxLibrary.framework",
				"${TARGET_BUILD_DIR}/${FRAMEWORKS_FOLDER_PATH}/leveldb.framework",
				"${TARGET_BUILD_DIR}/${FRAMEWORKS_FOLDER_PATH}/nanopb.framework",
			);
			runOnlyForDeploymentPostprocessing = 0;
			shellPath = /bin/sh;
			shellScript = "\"${SRCROOT}/Pods/Target Support Files/Pods-EventUp!/Pods-EventUp!-frameworks.sh\"\n";
			showEnvVarsInLog = 0;
		};
		AEB0E66B5741BDC91C67F856 /* [CP] Copy Pods Resources */ = {
			isa = PBXShellScriptBuildPhase;
			buildActionMask = 2147483647;
			files = (
			);
			inputPaths = (
				"${SRCROOT}/Pods/Target Support Files/Pods-EventUp!/Pods-EventUp!-resources.sh",
				$PODS_CONFIGURATION_BUILD_DIR/FirebaseUI/FirebaseAuthUI.bundle,
				$PODS_CONFIGURATION_BUILD_DIR/FirebaseUI/FirebaseFacebookAuthUI.bundle,
				$PODS_CONFIGURATION_BUILD_DIR/FirebaseUI/FirebaseGoogleAuthUI.bundle,
				$PODS_CONFIGURATION_BUILD_DIR/FirebaseUI/FirebasePhoneAuthUI.bundle,
				$PODS_CONFIGURATION_BUILD_DIR/FirebaseUI/FirebaseTwitterAuthUI.bundle,
				"${PODS_ROOT}/GoogleSignIn/Resources/GoogleSignIn.bundle",
				"${PODS_ROOT}/TwitterKit/iOS/TwitterKit.framework/TwitterKitResources.bundle",
				"${PODS_ROOT}/TwitterKit/iOS/TwitterKit.framework/TwitterShareExtensionUIResources.bundle",
			);
			name = "[CP] Copy Pods Resources";
			outputPaths = (
				"${TARGET_BUILD_DIR}/${UNLOCALIZED_RESOURCES_FOLDER_PATH}",
			);
			runOnlyForDeploymentPostprocessing = 0;
			shellPath = /bin/sh;
			shellScript = "\"${SRCROOT}/Pods/Target Support Files/Pods-EventUp!/Pods-EventUp!-resources.sh\"\n";
			showEnvVarsInLog = 0;
		};
/* End PBXShellScriptBuildPhase section */

/* Begin PBXSourcesBuildPhase section */
		C7C5D3761F5F2E9F001BCE38 /* Sources */ = {
			isa = PBXSourcesBuildPhase;
			buildActionMask = 2147483647;
			files = (
				C7C5D3801F5F2EA0001BCE38 /* ViewController.swift in Sources */,
				C76402301F7DBF1400AA3F06 /* EventCreateViewController.swift in Sources */,
				C76402151F79776900AA3F06 /* EventsViewController.swift in Sources */,
				C76402231F7C45B400AA3F06 /* FilterViewController.swift in Sources */,
				839240231F85BA07003C0DAF /* RatingViewController.swift in Sources */,
				C76402281F7DB8C500AA3F06 /* Event.swift in Sources */,
				C76402171F79782100AA3F06 /* EventCell.swift in Sources */,
				C76C14941F9827D1006B3F5C /* ProfileViewController.swift in Sources */,
				C764020E1F795AA500AA3F06 /* MapViewController.swift in Sources */,
				C764021D1F79891300AA3F06 /* EventMapViewController.swift in Sources */,
				C764021F1F7C34B900AA3F06 /* EventDetailViewController.swift in Sources */,
				C764022A1F7DB97B00AA3F06 /* EventUpClient.swift in Sources */,
				C76C14901F981A7C006B3F5C /* LoginViewController.swift in Sources */,
				C76C14921F981FE8006B3F5C /* RegisterViewController.swift in Sources */,
				C76C14961F98293A006B3F5C /* EventUser.swift in Sources */,
				C72B02B71F8692F1005E7B97 /* EventAnnotation.swift in Sources */,
				C7C5D37E1F5F2EA0001BCE38 /* AppDelegate.swift in Sources */,
				7C3C6D591F861C2000511686 /* RSVPViewController.swift in Sources */,
			);
			runOnlyForDeploymentPostprocessing = 0;
		};
/* End PBXSourcesBuildPhase section */

/* Begin PBXVariantGroup section */
		C7C5D3811F5F2EA0001BCE38 /* Main.storyboard */ = {
			isa = PBXVariantGroup;
			children = (
				C7C5D3821F5F2EA0001BCE38 /* Base */,
			);
			name = Main.storyboard;
			sourceTree = "<group>";
		};
		C7C5D3861F5F2EA0001BCE38 /* LaunchScreen.storyboard */ = {
			isa = PBXVariantGroup;
			children = (
				C7C5D3871F5F2EA0001BCE38 /* Base */,
			);
			name = LaunchScreen.storyboard;
			sourceTree = "<group>";
		};
/* End PBXVariantGroup section */

/* Begin XCBuildConfiguration section */
		C7C5D38A1F5F2EA0001BCE38 /* Debug */ = {
			isa = XCBuildConfiguration;
			buildSettings = {
				ALWAYS_SEARCH_USER_PATHS = NO;
				CLANG_ANALYZER_NONNULL = YES;
				CLANG_ANALYZER_NUMBER_OBJECT_CONVERSION = YES_AGGRESSIVE;
				CLANG_CXX_LANGUAGE_STANDARD = "gnu++14";
				CLANG_CXX_LIBRARY = "libc++";
				CLANG_ENABLE_MODULES = YES;
				CLANG_ENABLE_OBJC_ARC = YES;
				CLANG_WARN_BLOCK_CAPTURE_AUTORELEASING = YES;
				CLANG_WARN_BOOL_CONVERSION = YES;
				CLANG_WARN_COMMA = YES;
				CLANG_WARN_CONSTANT_CONVERSION = YES;
				CLANG_WARN_DIRECT_OBJC_ISA_USAGE = YES_ERROR;
				CLANG_WARN_DOCUMENTATION_COMMENTS = YES;
				CLANG_WARN_EMPTY_BODY = YES;
				CLANG_WARN_ENUM_CONVERSION = YES;
				CLANG_WARN_INFINITE_RECURSION = YES;
				CLANG_WARN_INT_CONVERSION = YES;
				CLANG_WARN_NON_LITERAL_NULL_CONVERSION = YES;
				CLANG_WARN_OBJC_LITERAL_CONVERSION = YES;
				CLANG_WARN_OBJC_ROOT_CLASS = YES_ERROR;
				CLANG_WARN_RANGE_LOOP_ANALYSIS = YES;
				CLANG_WARN_STRICT_PROTOTYPES = YES;
				CLANG_WARN_SUSPICIOUS_MOVE = YES;
				CLANG_WARN_UNGUARDED_AVAILABILITY = YES_AGGRESSIVE;
				CLANG_WARN_UNREACHABLE_CODE = YES;
				CLANG_WARN__DUPLICATE_METHOD_MATCH = YES;
				CODE_SIGN_IDENTITY = "iPhone Developer";
				COPY_PHASE_STRIP = NO;
				DEBUG_INFORMATION_FORMAT = dwarf;
				ENABLE_STRICT_OBJC_MSGSEND = YES;
				ENABLE_TESTABILITY = YES;
				GCC_C_LANGUAGE_STANDARD = gnu11;
				GCC_DYNAMIC_NO_PIC = NO;
				GCC_NO_COMMON_BLOCKS = YES;
				GCC_OPTIMIZATION_LEVEL = 0;
				GCC_PREPROCESSOR_DEFINITIONS = (
					"DEBUG=1",
					"$(inherited)",
				);
				GCC_WARN_64_TO_32_BIT_CONVERSION = YES;
				GCC_WARN_ABOUT_RETURN_TYPE = YES_ERROR;
				GCC_WARN_UNDECLARED_SELECTOR = YES;
				GCC_WARN_UNINITIALIZED_AUTOS = YES_AGGRESSIVE;
				GCC_WARN_UNUSED_FUNCTION = YES;
				GCC_WARN_UNUSED_VARIABLE = YES;
				IPHONEOS_DEPLOYMENT_TARGET = 11.0;
				MTL_ENABLE_DEBUG_INFO = YES;
				ONLY_ACTIVE_ARCH = YES;
				SDKROOT = iphoneos;
				SWIFT_ACTIVE_COMPILATION_CONDITIONS = DEBUG;
				SWIFT_OPTIMIZATION_LEVEL = "-Onone";
			};
			name = Debug;
		};
		C7C5D38B1F5F2EA0001BCE38 /* Release */ = {
			isa = XCBuildConfiguration;
			buildSettings = {
				ALWAYS_SEARCH_USER_PATHS = NO;
				CLANG_ANALYZER_NONNULL = YES;
				CLANG_ANALYZER_NUMBER_OBJECT_CONVERSION = YES_AGGRESSIVE;
				CLANG_CXX_LANGUAGE_STANDARD = "gnu++14";
				CLANG_CXX_LIBRARY = "libc++";
				CLANG_ENABLE_MODULES = YES;
				CLANG_ENABLE_OBJC_ARC = YES;
				CLANG_WARN_BLOCK_CAPTURE_AUTORELEASING = YES;
				CLANG_WARN_BOOL_CONVERSION = YES;
				CLANG_WARN_COMMA = YES;
				CLANG_WARN_CONSTANT_CONVERSION = YES;
				CLANG_WARN_DIRECT_OBJC_ISA_USAGE = YES_ERROR;
				CLANG_WARN_DOCUMENTATION_COMMENTS = YES;
				CLANG_WARN_EMPTY_BODY = YES;
				CLANG_WARN_ENUM_CONVERSION = YES;
				CLANG_WARN_INFINITE_RECURSION = YES;
				CLANG_WARN_INT_CONVERSION = YES;
				CLANG_WARN_NON_LITERAL_NULL_CONVERSION = YES;
				CLANG_WARN_OBJC_LITERAL_CONVERSION = YES;
				CLANG_WARN_OBJC_ROOT_CLASS = YES_ERROR;
				CLANG_WARN_RANGE_LOOP_ANALYSIS = YES;
				CLANG_WARN_STRICT_PROTOTYPES = YES;
				CLANG_WARN_SUSPICIOUS_MOVE = YES;
				CLANG_WARN_UNGUARDED_AVAILABILITY = YES_AGGRESSIVE;
				CLANG_WARN_UNREACHABLE_CODE = YES;
				CLANG_WARN__DUPLICATE_METHOD_MATCH = YES;
				CODE_SIGN_IDENTITY = "iPhone Developer";
				COPY_PHASE_STRIP = NO;
				DEBUG_INFORMATION_FORMAT = "dwarf-with-dsym";
				ENABLE_NS_ASSERTIONS = NO;
				ENABLE_STRICT_OBJC_MSGSEND = YES;
				GCC_C_LANGUAGE_STANDARD = gnu11;
				GCC_NO_COMMON_BLOCKS = YES;
				GCC_WARN_64_TO_32_BIT_CONVERSION = YES;
				GCC_WARN_ABOUT_RETURN_TYPE = YES_ERROR;
				GCC_WARN_UNDECLARED_SELECTOR = YES;
				GCC_WARN_UNINITIALIZED_AUTOS = YES_AGGRESSIVE;
				GCC_WARN_UNUSED_FUNCTION = YES;
				GCC_WARN_UNUSED_VARIABLE = YES;
				IPHONEOS_DEPLOYMENT_TARGET = 11.0;
				MTL_ENABLE_DEBUG_INFO = NO;
				SDKROOT = iphoneos;
				SWIFT_OPTIMIZATION_LEVEL = "-Owholemodule";
				VALIDATE_PRODUCT = YES;
			};
			name = Release;
		};
		C7C5D38D1F5F2EA0001BCE38 /* Debug */ = {
			isa = XCBuildConfiguration;
			baseConfigurationReference = 0ECBAAF3044ED4B96DC08B27 /* Pods-EventUp!.debug.xcconfig */;
			buildSettings = {
				ASSETCATALOG_COMPILER_APPICON_NAME = AppIcon;
				CODE_SIGN_STYLE = Automatic;
				DEVELOPMENT_TEAM = 3YC9K4952Y;
				INFOPLIST_FILE = "EventUp!/Info.plist";
				LD_RUNPATH_SEARCH_PATHS = "$(inherited) @executable_path/Frameworks";
				PRODUCT_BUNDLE_IDENTIFIER = com.307.EventUp;
				PRODUCT_NAME = "$(TARGET_NAME)";
				SWIFT_VERSION = 4.0;
				TARGETED_DEVICE_FAMILY = "1,2";
			};
			name = Debug;
		};
		C7C5D38E1F5F2EA0001BCE38 /* Release */ = {
			isa = XCBuildConfiguration;
			baseConfigurationReference = B8642049167ECB3A8DF5E8AB /* Pods-EventUp!.release.xcconfig */;
			buildSettings = {
				ASSETCATALOG_COMPILER_APPICON_NAME = AppIcon;
				CODE_SIGN_STYLE = Automatic;
				DEVELOPMENT_TEAM = 3YC9K4952Y;
				INFOPLIST_FILE = "EventUp!/Info.plist";
				LD_RUNPATH_SEARCH_PATHS = "$(inherited) @executable_path/Frameworks";
				PRODUCT_BUNDLE_IDENTIFIER = com.307.EventUp;
				PRODUCT_NAME = "$(TARGET_NAME)";
				SWIFT_VERSION = 4.0;
				TARGETED_DEVICE_FAMILY = "1,2";
			};
			name = Release;
		};
/* End XCBuildConfiguration section */

/* Begin XCConfigurationList section */
		C7C5D3751F5F2E9F001BCE38 /* Build configuration list for PBXProject "EventUp!" */ = {
			isa = XCConfigurationList;
			buildConfigurations = (
				C7C5D38A1F5F2EA0001BCE38 /* Debug */,
				C7C5D38B1F5F2EA0001BCE38 /* Release */,
			);
			defaultConfigurationIsVisible = 0;
			defaultConfigurationName = Release;
		};
		C7C5D38C1F5F2EA0001BCE38 /* Build configuration list for PBXNativeTarget "EventUp!" */ = {
			isa = XCConfigurationList;
			buildConfigurations = (
				C7C5D38D1F5F2EA0001BCE38 /* Debug */,
				C7C5D38E1F5F2EA0001BCE38 /* Release */,
			);
			defaultConfigurationIsVisible = 0;
			defaultConfigurationName = Release;
		};
/* End XCConfigurationList section */
	};
	rootObject = C7C5D3721F5F2E9F001BCE38 /* Project object */;
}
