PODS:
  - BoringSSL (9.1):
    - BoringSSL/Implementation (= 9.1)
    - BoringSSL/Interface (= 9.1)
  - BoringSSL/Implementation (9.1):
    - BoringSSL/Interface (= 9.1)
  - BoringSSL/Interface (9.1)
  - Firebase (4.7.0):
    - Firebase/Core (= 4.7.0)
  - Firebase/Core (4.7.0):
    - FirebaseAnalytics (= 4.0.5)
    - FirebaseCore (= 4.0.12)
  - Firebase/Database (4.7.0):
    - Firebase/Core
    - FirebaseDatabase (= 4.1.2)
  - Firebase/Firestore (4.7.0):
    - Firebase/Core
    - FirebaseFirestore (= 0.9.3)
  - Firebase/Storage (4.7.0):
    - Firebase/Core
    - FirebaseStorage (= 2.1.0)
  - FirebaseAnalytics (4.0.5):
    - FirebaseCore (~> 4.0)
    - FirebaseInstanceID (~> 2.0)
    - GoogleToolboxForMac/NSData+zlib (~> 2.1)
    - nanopb (~> 0.3)
  - FirebaseAuth (4.4.0):
    - FirebaseAnalytics (~> 4.0)
    - GoogleToolboxForMac/NSDictionary+URLArguments (~> 2.1)
    - GTMSessionFetcher/Core (~> 1.1)
  - FirebaseCore (4.0.12):
    - GoogleToolboxForMac/NSData+zlib (~> 2.1)
  - FirebaseDatabase (4.1.2):
    - FirebaseAnalytics (~> 4.0)
    - FirebaseCore (~> 4.0)
    - leveldb-library (~> 1.18)
  - FirebaseFirestore (0.9.3):
    - FirebaseAnalytics (~> 4.0)
    - FirebaseAuth (~> 4.4)
    - FirebaseCore (~> 4.0)
    - gRPC-ProtoRPC (~> 1.0)
    - leveldb-library (~> 1.18)
    - Protobuf (~> 3.1)
  - FirebaseInstanceID (2.0.7)
  - FirebaseStorage (2.1.0):
    - FirebaseAnalytics (~> 4.0)
    - FirebaseCore (~> 4.0)
    - GTMSessionFetcher/Core (~> 1.1)
  - GeoFire (2.0.0):
    - Firebase/Database (~> 4.0)
  - GoogleToolboxForMac/DebugUtils (2.1.3):
    - GoogleToolboxForMac/Defines (= 2.1.3)
  - GoogleToolboxForMac/Defines (2.1.3)
  - GoogleToolboxForMac/NSData+zlib (2.1.3):
    - GoogleToolboxForMac/Defines (= 2.1.3)
  - GoogleToolboxForMac/NSDictionary+URLArguments (2.1.3):
    - GoogleToolboxForMac/DebugUtils (= 2.1.3)
    - GoogleToolboxForMac/Defines (= 2.1.3)
    - GoogleToolboxForMac/NSString+URLArguments (= 2.1.3)
  - GoogleToolboxForMac/NSString+URLArguments (2.1.3)
  - gRPC (1.7.1):
    - gRPC-RxLibrary (= 1.7.1)
    - gRPC/Main (= 1.7.1)
  - gRPC-Core (1.7.1):
    - gRPC-Core/Implementation (= 1.7.1)
    - gRPC-Core/Interface (= 1.7.1)
  - gRPC-Core/Implementation (1.7.1):
    - BoringSSL (~> 9.0)
    - gRPC-Core/Interface (= 1.7.1)
    - nanopb (~> 0.3)
  - gRPC-Core/Interface (1.7.1)
  - gRPC-ProtoRPC (1.7.1):
    - gRPC (= 1.7.1)
    - gRPC-RxLibrary (= 1.7.1)
    - Protobuf (~> 3.0)
  - gRPC-RxLibrary (1.7.1)
  - gRPC/Main (1.7.1):
    - gRPC-Core (= 1.7.1)
    - gRPC-RxLibrary (= 1.7.1)
  - GTMSessionFetcher/Core (1.1.12)
  - GTToast (0.3.0)
  - HCSStarRatingView (1.5)
  - IQKeyboardManagerSwift (5.0.6)
  - JSQMessagesViewController (7.3.5):
    - JSQSystemSoundPlayer (~> 2.0.1)
  - JSQSystemSoundPlayer (2.0.1)
  - JTAppleCalendar (7.1.4)
  - leveldb-library (1.20)
  - nanopb (0.3.8):
    - nanopb/decode (= 0.3.8)
    - nanopb/encode (= 0.3.8)
  - nanopb/decode (0.3.8)
  - nanopb/encode (0.3.8)
  - Protobuf (3.5.0)
  - RevealingSplashView (0.4.0)
  - SidebarOverlay (4.2.1)
  - SVProgressHUD (2.2.2)

DEPENDENCIES:
  - Firebase
  - Firebase/Database
  - Firebase/Firestore
  - Firebase/Storage
  - GeoFire (from `https://github.com/firebase/geofire-objc.git`)
  - GTToast
  - HCSStarRatingView
  - IQKeyboardManagerSwift
  - JSQMessagesViewController
  - JTAppleCalendar (~> 7.1.0)
  - RevealingSplashView
  - SidebarOverlay
  - SVProgressHUD

EXTERNAL SOURCES:
  GeoFire:
    :git: https://github.com/firebase/geofire-objc.git

CHECKOUT OPTIONS:
  GeoFire:
    :commit: 8c4a04b46dbb0959b91a9afd946798b5aeb8e8bf
    :git: https://github.com/firebase/geofire-objc.git

SPEC CHECKSUMS:
  BoringSSL: 84318770d120503ab1a6aaf1df777c5ca053697e
  Firebase: dbfb98ccec2dcfcd21ab9cc1b4981a3f3c8c5e26
  FirebaseAnalytics: 5b02a63ead2c3f0259cfc7f15e053e440587ecf8
  FirebaseAuth: cdeee95b528958dbb7dcf220ad0fb804d3a284b0
  FirebaseCore: 6cf108b63997bc08c04a1ffa55a3ac0d71a59ffc
  FirebaseDatabase: 18ecb23e15c7f58bb0c4527e9cace06897cc40ca
  FirebaseFirestore: 0b62fdbe420f2f88b6b2037ba4d92bbd4525e04a
  FirebaseInstanceID: 148c25c986c8699e67304b114e365713dce467f2
  FirebaseStorage: 0930e97994dc79b404179bdfafb6b16f59433a82
  GeoFire: 12dde45333e02aace5a8d921749095b9135cabc1
  GoogleToolboxForMac: 2501e2ad72a52eb3dfe7bd9aee7dad11b858bd20
  gRPC: b56decfd0094854d2ccfe80c8fb767237dace3be
  gRPC-Core: 95c4968ae43d29219226f22b656d9f625904281e
  gRPC-ProtoRPC: b7259f51cbc19b77c7a38d96f52a00c3a4ea1637
  gRPC-RxLibrary: 4f46343e74e74a7ee8373ffeeaf772dfb330cbd7
  GTMSessionFetcher: ebaa1f79a5366922c1735f1566901f50beba23b7
  GTToast: 5c5fa8fb35091f73be09d8c5a99bbf723a081263
  HCSStarRatingView: 1d18f79654735514cd6f00e6d90e38cb6320dc31
  IQKeyboardManagerSwift: 02bfbb0dff71c66d0ab77d80d25dfce0c3717735
  JSQMessagesViewController: 6587f56aedbcb150a8ba1d968e1ef58b1bc758b7
  JSQSystemSoundPlayer: c5850e77a4363ffd374cd851154b9af93264ed8d
  JTAppleCalendar: aaeee95e939e0b0a381fb51eb77738bd26bb10f6
  leveldb-library: 4f9eedf84ab46b4fa3b7893bf30714b2a1a74022
  nanopb: 5601e6bca2dbf1ed831b519092ec110f66982ca3
  Protobuf: 8a9838fba8dae3389230e1b7f8c104aa32389c03
  RevealingSplashView: 72be158ad5e1bc72713e8f78383dc3e1803ce4d1
  SidebarOverlay: 1a00a90b2bfac853163f305c977f106be2578497
  SVProgressHUD: 59b2d3dabacbd051576d21d32293ca7228dc18b0

PODFILE CHECKSUM: 90b8faaf82032ff1a7c1a5eab5b6cff9568408b2

COCOAPODS: 1.3.1
